
Microsoft Visual Studio Solution File, Format Version 12.00
# Visual Studio Version 17
VisualStudioVersion = 17.3.32901.215
MinimumVisualStudioVersion = 10.0.40219.1
Project("{8BC9CEB8-8B4A-11D0-8D11-00A0C91BC942}") = "QL6502", "QL6502.vcxproj", "{22E12A1A-025E-412D-93B1-D92500BBC27C}"
EndProject
Global
	GlobalSection(SolutionConfigurationPlatforms) = preSolution
		Debug|x64 = Debug|x64
		Debug|x86 = Debug|x86
		Release|x64 = Release|x64
		Release|x86 = Release|x86
	EndGlobalSection
	GlobalSection(ProjectConfigurationPlatforms) = postSolution
		{22E12A1A-025E-412D-93B1-D92500BBC27C}.Debug|x64.ActiveCfg = Debug|x64
		{22E12A1A-025E-412D-93B1-D92500BBC27C}.Debug|x64.Build.0 = Debug|x64
		{22E12A1A-025E-412D-93B1-D92500BBC27C}.Debug|x86.ActiveCfg = Debug|Win32
		{22E12A1A-025E-412D-93B1-D92500BBC27C}.Debug|x86.Build.0 = Debug|Win32
		{22E12A1A-025E-412D-93B1-D92500BBC27C}.Release|x64.ActiveCfg = Release|x64
		{22E12A1A-025E-412D-93B1-D92500BBC27C}.Release|x64.Build.0 = Release|x64
		{22E12A1A-025E-412D-93B1-D92500BBC27C}.Release|x86.ActiveCfg = Release|Win32
		{22E12A1A-025E-412D-93B1-D92500BBC27C}.Release|x86.Build.0 = Release|Win32
	EndGlobalSection
	GlobalSection(SolutionProperties) = preSolution
		HideSolutionNode = FALSE
	EndGlobalSection
	GlobalSection(ExtensibilityGlobals) = postSolution
		SolutionGuid = {42EA77EC-4FAA-419C-9CB3-BF3B3D3516D3}
	EndGlobalSection
EndGlobal
